
Microsoft Visual Studio Solution File, Format Version 12.00
# Visual Studio Version 17
VisualStudioVersion = 17.10.35027.167
MinimumVisualStudioVersion = 10.0.40219.1
Project("{888888A0-9F3D-457C-B088-3A5042F75D52}") = "design_patterns", "ArchitectureTest\design_patterns.pyproj", "{4B84E6DD-3156-46F9-A87B-C972F036AEC8}"
EndProject
Global
	GlobalSection(SolutionConfigurationPlatforms) = preSolution
		Debug|Any CPU = Debug|Any CPU
		Release|Any CPU = Release|Any CPU
	EndGlobalSection
	GlobalSection(ProjectConfigurationPlatforms) = postSolution
		{4B84E6DD-3156-46F9-A87B-C972F036AEC8}.Debug|Any CPU.ActiveCfg = Debug|Any CPU
		{4B84E6DD-3156-46F9-A87B-C972F036AEC8}.Release|Any CPU.ActiveCfg = Release|Any CPU
	EndGlobalSection
	GlobalSection(SolutionProperties) = preSolution
		HideSolutionNode = FALSE
	EndGlobalSection
	GlobalSection(ExtensibilityGlobals) = postSolution
		SolutionGuid = {3985FCF4-9835-4558-A3F6-09AC299BAE38}
	EndGlobalSection
EndGlobal
